
Microsoft Visual Studio Solution File, Format Version 12.00
# Visual Studio Version 17
VisualStudioVersion = 17.13.35931.197
MinimumVisualStudioVersion = 10.0.40219.1
Project("{2150E333-8FDC-42A3-9474-1A3956D46DE8}") = "Solution Items", "Solution Items", "{8EC462FD-D22E-90A8-E5CE-7E832BA40C5D}"
	ProjectSection(SolutionItems) = preProject
		.commitlintrc.json = .commitlintrc.json
		.releaserc.json = .releaserc.json
		Directory.Build.props = Directory.Build.props
		Directory.Packages.props = Directory.Packages.props
		global.json = global.json
		nuget.config = nuget.config
		package-lock.json = package-lock.json
		package.json = package.json
		PackageSettings.props = PackageSettings.props
		PackageSettings.props.local = PackageSettings.props.local
	EndProjectSection
EndProject
Project("{FAE04EC0-301F-11D3-BF4B-00C04F79EFBC}") = "TELBlazor.Components", "TELBlazor.Components\TELBlazor.Components.csproj", "{0F66119D-690F-468D-82AA-815D63C8B32F}"
EndProject
Project("{FAE04EC0-301F-11D3-BF4B-00C04F79EFBC}") = "TELBlazor.Components.ShowCase.Shared", "TELBlazor.Components.ShowCase.Shared\TELBlazor.Components.ShowCase.Shared.csproj", "{4CDD3CB3-A573-4038-841E-43E51AEE3785}"
EndProject
Project("{FAE04EC0-301F-11D3-BF4B-00C04F79EFBC}") = "TELBlazor.Components.ShowCase.WasmStaticClient", "TELBlazor.Components.ShowCase.WasmStaticClient\TELBlazor.Components.ShowCase.WasmStaticClient.csproj", "{208E7C24-C2C3-4B32-A02B-4E0B5E12BA19}"
EndProject
Project("{FAE04EC0-301F-11D3-BF4B-00C04F79EFBC}") = "TELBlazor.Components.ShowCase.E2ETests.WasmServerHost", "TELBlazor.Components.ShowCase.E2ETests.WasmServerHost\TELBlazor.Components.ShowCase.E2ETests.WasmServerHost\TELBlazor.Components.ShowCase.E2ETests.WasmServerHost.csproj", "{87E929AD-DDE7-45B4-9908-601072BAF009}"
EndProject
Project("{FAE04EC0-301F-11D3-BF4B-00C04F79EFBC}") = "TELBlazor.Components.ShowCase.E2ETests.WasmServerHost.Client", "TELBlazor.Components.ShowCase.E2ETests.WasmServerHost\TELBlazor.Components.ShowCase.E2ETests.WasmServerHost.Client\TELBlazor.Components.ShowCase.E2ETests.WasmServerHost.Client.csproj", "{57FF7EB9-D61A-49D2-82B1-59D3FC8EA28D}"
EndProject
Project("{FAE04EC0-301F-11D3-BF4B-00C04F79EFBC}") = "TELBlazor.Components.UnitTests", "TELBlazor.Components.UnitTests\TELBlazor.Components.UnitTests.csproj", "{AC38216F-B8C9-4416-8DAE-37164EF741E9}"
EndProject
Project("{FAE04EC0-301F-11D3-BF4B-00C04F79EFBC}") = "TELBlazor.Components.ShowCase.E2ETests", "TELBlazor.Components.ShowCase.E2ETests\TELBlazor.Components.ShowCase.E2ETests.csproj", "{91004702-F53C-41E5-A968-D95D9EB8E52B}"
EndProject
Global
	GlobalSection(SolutionConfigurationPlatforms) = preSolution
		ci|Any CPU = ci|Any CPU
		Debug|Any CPU = Debug|Any CPU
		Release|Any CPU = Release|Any CPU
	EndGlobalSection
	GlobalSection(ProjectConfigurationPlatforms) = postSolution
		{0F66119D-690F-468D-82AA-815D63C8B32F}.ci|Any CPU.ActiveCfg = Debug|Any CPU
		{0F66119D-690F-468D-82AA-815D63C8B32F}.Debug|Any CPU.ActiveCfg = Debug|Any CPU
		{0F66119D-690F-468D-82AA-815D63C8B32F}.Debug|Any CPU.Build.0 = Debug|Any CPU
		{0F66119D-690F-468D-82AA-815D63C8B32F}.Release|Any CPU.ActiveCfg = Release|Any CPU
		{0F66119D-690F-468D-82AA-815D63C8B32F}.Release|Any CPU.Build.0 = Release|Any CPU
		{4CDD3CB3-A573-4038-841E-43E51AEE3785}.ci|Any CPU.ActiveCfg = Debug|Any CPU
		{4CDD3CB3-A573-4038-841E-43E51AEE3785}.ci|Any CPU.Build.0 = Debug|Any CPU
		{4CDD3CB3-A573-4038-841E-43E51AEE3785}.Debug|Any CPU.ActiveCfg = Debug|Any CPU
		{4CDD3CB3-A573-4038-841E-43E51AEE3785}.Debug|Any CPU.Build.0 = Debug|Any CPU
		{4CDD3CB3-A573-4038-841E-43E51AEE3785}.Release|Any CPU.ActiveCfg = Release|Any CPU
		{4CDD3CB3-A573-4038-841E-43E51AEE3785}.Release|Any CPU.Build.0 = Release|Any CPU
		{208E7C24-C2C3-4B32-A02B-4E0B5E12BA19}.ci|Any CPU.ActiveCfg = Debug|Any CPU
		{208E7C24-C2C3-4B32-A02B-4E0B5E12BA19}.ci|Any CPU.Build.0 = Debug|Any CPU
		{208E7C24-C2C3-4B32-A02B-4E0B5E12BA19}.Debug|Any CPU.ActiveCfg = Debug|Any CPU
		{208E7C24-C2C3-4B32-A02B-4E0B5E12BA19}.Debug|Any CPU.Build.0 = Debug|Any CPU
		{208E7C24-C2C3-4B32-A02B-4E0B5E12BA19}.Release|Any CPU.ActiveCfg = Release|Any CPU
		{208E7C24-C2C3-4B32-A02B-4E0B5E12BA19}.Release|Any CPU.Build.0 = Release|Any CPU
		{87E929AD-DDE7-45B4-9908-601072BAF009}.ci|Any CPU.ActiveCfg = Debug|Any CPU
		{87E929AD-DDE7-45B4-9908-601072BAF009}.ci|Any CPU.Build.0 = Debug|Any CPU
		{87E929AD-DDE7-45B4-9908-601072BAF009}.Debug|Any CPU.ActiveCfg = Debug|Any CPU
		{87E929AD-DDE7-45B4-9908-601072BAF009}.Debug|Any CPU.Build.0 = Debug|Any CPU
		{87E929AD-DDE7-45B4-9908-601072BAF009}.Release|Any CPU.ActiveCfg = Release|Any CPU
		{87E929AD-DDE7-45B4-9908-601072BAF009}.Release|Any CPU.Build.0 = Release|Any CPU
		{57FF7EB9-D61A-49D2-82B1-59D3FC8EA28D}.ci|Any CPU.ActiveCfg = Debug|Any CPU
		{57FF7EB9-D61A-49D2-82B1-59D3FC8EA28D}.ci|Any CPU.Build.0 = Debug|Any CPU
		{57FF7EB9-D61A-49D2-82B1-59D3FC8EA28D}.Debug|Any CPU.ActiveCfg = Debug|Any CPU
		{57FF7EB9-D61A-49D2-82B1-59D3FC8EA28D}.Debug|Any CPU.Build.0 = Debug|Any CPU
		{57FF7EB9-D61A-49D2-82B1-59D3FC8EA28D}.Release|Any CPU.ActiveCfg = Release|Any CPU
		{57FF7EB9-D61A-49D2-82B1-59D3FC8EA28D}.Release|Any CPU.Build.0 = Release|Any CPU
		{AC38216F-B8C9-4416-8DAE-37164EF741E9}.ci|Any CPU.ActiveCfg = Debug|Any CPU
		{AC38216F-B8C9-4416-8DAE-37164EF741E9}.ci|Any CPU.Build.0 = Debug|Any CPU
		{AC38216F-B8C9-4416-8DAE-37164EF741E9}.Debug|Any CPU.ActiveCfg = Debug|Any CPU
		{AC38216F-B8C9-4416-8DAE-37164EF741E9}.Debug|Any CPU.Build.0 = Debug|Any CPU
		{AC38216F-B8C9-4416-8DAE-37164EF741E9}.Release|Any CPU.ActiveCfg = Release|Any CPU
		{AC38216F-B8C9-4416-8DAE-37164EF741E9}.Release|Any CPU.Build.0 = Release|Any CPU
		{91004702-F53C-41E5-A968-D95D9EB8E52B}.ci|Any CPU.ActiveCfg = Debug|Any CPU
		{91004702-F53C-41E5-A968-D95D9EB8E52B}.ci|Any CPU.Build.0 = Debug|Any CPU
		{91004702-F53C-41E5-A968-D95D9EB8E52B}.Debug|Any CPU.ActiveCfg = Debug|Any CPU
		{91004702-F53C-41E5-A968-D95D9EB8E52B}.Debug|Any CPU.Build.0 = Debug|Any CPU
		{91004702-F53C-41E5-A968-D95D9EB8E52B}.Release|Any CPU.ActiveCfg = Release|Any CPU
		{91004702-F53C-41E5-A968-D95D9EB8E52B}.Release|Any CPU.Build.0 = Release|Any CPU
	EndGlobalSection
	GlobalSection(SolutionProperties) = preSolution
		HideSolutionNode = FALSE
	EndGlobalSection
	GlobalSection(ExtensibilityGlobals) = postSolution
		SolutionGuid = {F3CEC9E6-BB7D-4EF8-B7D0-5EB2153091E4}
	EndGlobalSection
EndGlobal
